// !$*UTF8*$!
{
	archiveVersion = 1;
	classes = {
	};
	objectVersion = 46;
	objects = {

/* Begin PBXBuildFile section */
		554637091DACD2B400D35C7E /* AppDelegate.swift in Sources */ = {isa = PBXBuildFile; fileRef = 554637081DACD2B400D35C7E /* AppDelegate.swift */; };
		5546370B1DACD2B400D35C7E /* ViewController.swift in Sources */ = {isa = PBXBuildFile; fileRef = 5546370A1DACD2B400D35C7E /* ViewController.swift */; };
		5546370E1DACD2B400D35C7E /* Main.storyboard in Resources */ = {isa = PBXBuildFile; fileRef = 5546370C1DACD2B400D35C7E /* Main.storyboard */; };
		554637101DACD2B400D35C7E /* Assets.xcassets in Resources */ = {isa = PBXBuildFile; fileRef = 5546370F1DACD2B400D35C7E /* Assets.xcassets */; };
		554637131DACD2B400D35C7E /* LaunchScreen.storyboard in Resources */ = {isa = PBXBuildFile; fileRef = 554637111DACD2B400D35C7E /* LaunchScreen.storyboard */; };
		5546371E1DACD2B400D35C7E /* HideousTests.swift in Sources */ = {isa = PBXBuildFile; fileRef = 5546371D1DACD2B400D35C7E /* HideousTests.swift */; };
		554637291DACD2B400D35C7E /* HideousUITests.swift in Sources */ = {isa = PBXBuildFile; fileRef = 554637281DACD2B400D35C7E /* HideousUITests.swift */; };
		554637371DACDB0100D35C7E /* Top20TableViewController.swift in Sources */ = {isa = PBXBuildFile; fileRef = 554637361DACDB0100D35C7E /* Top20TableViewController.swift */; };
		55E8E75C1DAF772C00155E22 /* Top20Cell.swift in Sources */ = {isa = PBXBuildFile; fileRef = 55E8E75B1DAF772C00155E22 /* Top20Cell.swift */; };
		55E8E75E1DAF884300155E22 /* Auto.swift in Sources */ = {isa = PBXBuildFile; fileRef = 55E8E75D1DAF884300155E22 /* Auto.swift */; };
		55E8E7601DAF988400155E22 /* DetailsViewController.swift in Sources */ = {isa = PBXBuildFile; fileRef = 55E8E75F1DAF988400155E22 /* DetailsViewController.swift */; };
/* End PBXBuildFile section */

/* Begin PBXContainerItemProxy section */
		5546371A1DACD2B400D35C7E /* PBXContainerItemProxy */ = {
			isa = PBXContainerItemProxy;
			containerPortal = 554636FD1DACD2B300D35C7E /* Project object */;
			proxyType = 1;
			remoteGlobalIDString = 554637041DACD2B300D35C7E;
			remoteInfo = Hideous;
		};
		554637251DACD2B400D35C7E /* PBXContainerItemProxy */ = {
			isa = PBXContainerItemProxy;
			containerPortal = 554636FD1DACD2B300D35C7E /* Project object */;
			proxyType = 1;
			remoteGlobalIDString = 554637041DACD2B300D35C7E;
			remoteInfo = Hideous;
		};
/* End PBXContainerItemProxy section */

/* Begin PBXFileReference section */
		554637051DACD2B400D35C7E /* Hideous.app */ = {isa = PBXFileReference; explicitFileType = wrapper.application; includeInIndex = 0; path = Hideous.app; sourceTree = BUILT_PRODUCTS_DIR; };
		554637081DACD2B400D35C7E /* AppDelegate.swift */ = {isa = PBXFileReference; lastKnownFileType = sourcecode.swift; path = AppDelegate.swift; sourceTree = "<group>"; };
		5546370A1DACD2B400D35C7E /* ViewController.swift */ = {isa = PBXFileReference; lastKnownFileType = sourcecode.swift; path = ViewController.swift; sourceTree = "<group>"; };
		5546370D1DACD2B400D35C7E /* Base */ = {isa = PBXFileReference; lastKnownFileType = file.storyboard; name = Base; path = Base.lproj/Main.storyboard; sourceTree = "<group>"; };
		5546370F1DACD2B400D35C7E /* Assets.xcassets */ = {isa = PBXFileReference; lastKnownFileType = folder.assetcatalog; path = Assets.xcassets; sourceTree = "<group>"; };
		554637121DACD2B400D35C7E /* Base */ = {isa = PBXFileReference; lastKnownFileType = file.storyboard; name = Base; path = Base.lproj/LaunchScreen.storyboard; sourceTree = "<group>"; };
		554637141DACD2B400D35C7E /* Info.plist */ = {isa = PBXFileReference; lastKnownFileType = text.plist.xml; path = Info.plist; sourceTree = "<group>"; };
		554637191DACD2B400D35C7E /* HideousTests.xctest */ = {isa = PBXFileReference; explicitFileType = wrapper.cfbundle; includeInIndex = 0; path = HideousTests.xctest; sourceTree = BUILT_PRODUCTS_DIR; };
		5546371D1DACD2B400D35C7E /* HideousTests.swift */ = {isa = PBXFileReference; lastKnownFileType = sourcecode.swift; path = HideousTests.swift; sourceTree = "<group>"; };
		5546371F1DACD2B400D35C7E /* Info.plist */ = {isa = PBXFileReference; lastKnownFileType = text.plist.xml; path = Info.plist; sourceTree = "<group>"; };
		554637241DACD2B400D35C7E /* HideousUITests.xctest */ = {isa = PBXFileReference; explicitFileType = wrapper.cfbundle; includeInIndex = 0; path = HideousUITests.xctest; sourceTree = BUILT_PRODUCTS_DIR; };
		554637281DACD2B400D35C7E /* HideousUITests.swift */ = {isa = PBXFileReference; lastKnownFileType = sourcecode.swift; path = HideousUITests.swift; sourceTree = "<group>"; };
		5546372A1DACD2B400D35C7E /* Info.plist */ = {isa = PBXFileReference; lastKnownFileType = text.plist.xml; path = Info.plist; sourceTree = "<group>"; };
		554637361DACDB0100D35C7E /* Top20TableViewController.swift */ = {isa = PBXFileReference; fileEncoding = 4; lastKnownFileType = sourcecode.swift; name = Top20TableViewController.swift; path = ../Top20TableViewController.swift; sourceTree = "<group>"; };
		55E8E75B1DAF772C00155E22 /* Top20Cell.swift */ = {isa = PBXFileReference; fileEncoding = 4; lastKnownFileType = sourcecode.swift; path = Top20Cell.swift; sourceTree = "<group>"; };
		55E8E75D1DAF884300155E22 /* Auto.swift */ = {isa = PBXFileReference; fileEncoding = 4; lastKnownFileType = sourcecode.swift; path = Auto.swift; sourceTree = "<group>"; };
		55E8E75F1DAF988400155E22 /* DetailsViewController.swift */ = {isa = PBXFileReference; fileEncoding = 4; lastKnownFileType = sourcecode.swift; path = DetailsViewController.swift; sourceTree = "<group>"; };
/* End PBXFileReference section */

/* Begin PBXFrameworksBuildPhase section */
		554637021DACD2B300D35C7E /* Frameworks */ = {
			isa = PBXFrameworksBuildPhase;
			buildActionMask = 2147483647;
			files = (
			);
			runOnlyForDeploymentPostprocessing = 0;
		};
		554637161DACD2B400D35C7E /* Frameworks */ = {
			isa = PBXFrameworksBuildPhase;
			buildActionMask = 2147483647;
			files = (
			);
			runOnlyForDeploymentPostprocessing = 0;
		};
		554637211DACD2B400D35C7E /* Frameworks */ = {
			isa = PBXFrameworksBuildPhase;
			buildActionMask = 2147483647;
			files = (
			);
			runOnlyForDeploymentPostprocessing = 0;
		};
/* End PBXFrameworksBuildPhase section */

/* Begin PBXGroup section */
		554636FC1DACD2B300D35C7E = {
			isa = PBXGroup;
			children = (
				554637071DACD2B400D35C7E /* Hideous */,
				5546371C1DACD2B400D35C7E /* HideousTests */,
				554637271DACD2B400D35C7E /* HideousUITests */,
				554637061DACD2B400D35C7E /* Products */,
			);
			sourceTree = "<group>";
		};
		554637061DACD2B400D35C7E /* Products */ = {
			isa = PBXGroup;
			children = (
				554637051DACD2B400D35C7E /* Hideous.app */,
				554637191DACD2B400D35C7E /* HideousTests.xctest */,
				554637241DACD2B400D35C7E /* HideousUITests.xctest */,
			);
			name = Products;
			sourceTree = "<group>";
		};
		554637071DACD2B400D35C7E /* Hideous */ = {
			isa = PBXGroup;
			children = (
				554637361DACDB0100D35C7E /* Top20TableViewController.swift */,
				55E8E75D1DAF884300155E22 /* Auto.swift */,
				554637081DACD2B400D35C7E /* AppDelegate.swift */,
				5546370A1DACD2B400D35C7E /* ViewController.swift */,
				5546370C1DACD2B400D35C7E /* Main.storyboard */,
				55E8E75F1DAF988400155E22 /* DetailsViewController.swift */,
				55E8E75B1DAF772C00155E22 /* Top20Cell.swift */,
				5546370F1DACD2B400D35C7E /* Assets.xcassets */,
				554637111DACD2B400D35C7E /* LaunchScreen.storyboard */,
				554637141DACD2B400D35C7E /* Info.plist */,
			);
			path = Hideous;
			sourceTree = "<group>";
		};
		5546371C1DACD2B400D35C7E /* HideousTests */ = {
			isa = PBXGroup;
			children = (
				5546371D1DACD2B400D35C7E /* HideousTests.swift */,
				5546371F1DACD2B400D35C7E /* Info.plist */,
			);
			path = HideousTests;
			sourceTree = "<group>";
		};
		554637271DACD2B400D35C7E /* HideousUITests */ = {
			isa = PBXGroup;
			children = (
				554637281DACD2B400D35C7E /* HideousUITests.swift */,
				5546372A1DACD2B400D35C7E /* Info.plist */,
			);
			path = HideousUITests;
			sourceTree = "<group>";
		};
/* End PBXGroup section */

/* Begin PBXNativeTarget section */
		554637041DACD2B300D35C7E /* Hideous */ = {
			isa = PBXNativeTarget;
			buildConfigurationList = 5546372D1DACD2B400D35C7E /* Build configuration list for PBXNativeTarget "Hideous" */;
			buildPhases = (
				554637011DACD2B300D35C7E /* Sources */,
				554637021DACD2B300D35C7E /* Frameworks */,
				554637031DACD2B300D35C7E /* Resources */,
			);
			buildRules = (
			);
			dependencies = (
			);
			name = Hideous;
			productName = Hideous;
			productReference = 554637051DACD2B400D35C7E /* Hideous.app */;
			productType = "com.apple.product-type.application";
		};
		554637181DACD2B400D35C7E /* HideousTests */ = {
			isa = PBXNativeTarget;
			buildConfigurationList = 554637301DACD2B400D35C7E /* Build configuration list for PBXNativeTarget "HideousTests" */;
			buildPhases = (
				554637151DACD2B400D35C7E /* Sources */,
				554637161DACD2B400D35C7E /* Frameworks */,
				554637171DACD2B400D35C7E /* Resources */,
			);
			buildRules = (
			);
			dependencies = (
				5546371B1DACD2B400D35C7E /* PBXTargetDependency */,
			);
			name = HideousTests;
			productName = HideousTests;
			productReference = 554637191DACD2B400D35C7E /* HideousTests.xctest */;
			productType = "com.apple.product-type.bundle.unit-test";
		};
		554637231DACD2B400D35C7E /* HideousUITests */ = {
			isa = PBXNativeTarget;
			buildConfigurationList = 554637331DACD2B400D35C7E /* Build configuration list for PBXNativeTarget "HideousUITests" */;
			buildPhases = (
				554637201DACD2B400D35C7E /* Sources */,
				554637211DACD2B400D35C7E /* Frameworks */,
				554637221DACD2B400D35C7E /* Resources */,
			);
			buildRules = (
			);
			dependencies = (
				554637261DACD2B400D35C7E /* PBXTargetDependency */,
			);
			name = HideousUITests;
			productName = HideousUITests;
			productReference = 554637241DACD2B400D35C7E /* HideousUITests.xctest */;
			productType = "com.apple.product-type.bundle.ui-testing";
		};
/* End PBXNativeTarget section */

/* Begin PBXProject section */
		554636FD1DACD2B300D35C7E /* Project object */ = {
			isa = PBXProject;
			attributes = {
				LastSwiftUpdateCheck = 0800;
				LastUpgradeCheck = 0800;
				ORGANIZATIONNAME = Fontys;
				TargetAttributes = {
					554637041DACD2B300D35C7E = {
						CreatedOnToolsVersion = 8.0;
						DevelopmentTeam = 5NM782SMV3;
						ProvisioningStyle = Automatic;
					};
					554637181DACD2B400D35C7E = {
						CreatedOnToolsVersion = 8.0;
						ProvisioningStyle = Automatic;
						TestTargetID = 554637041DACD2B300D35C7E;
					};
					554637231DACD2B400D35C7E = {
						CreatedOnToolsVersion = 8.0;
						ProvisioningStyle = Automatic;
						TestTargetID = 554637041DACD2B300D35C7E;
					};
				};
			};
			buildConfigurationList = 554637001DACD2B300D35C7E /* Build configuration list for PBXProject "Hideous" */;
			compatibilityVersion = "Xcode 3.2";
			developmentRegion = English;
			hasScannedForEncodings = 0;
			knownRegions = (
				en,
				Base,
			);
			mainGroup = 554636FC1DACD2B300D35C7E;
			productRefGroup = 554637061DACD2B400D35C7E /* Products */;
			projectDirPath = "";
			projectRoot = "";
			targets = (
				554637041DACD2B300D35C7E /* Hideous */,
				554637181DACD2B400D35C7E /* HideousTests */,
				554637231DACD2B400D35C7E /* HideousUITests */,
			);
		};
/* End PBXProject section */

/* Begin PBXResourcesBuildPhase section */
		554637031DACD2B300D35C7E /* Resources */ = {
			isa = PBXResourcesBuildPhase;
			buildActionMask = 2147483647;
			files = (
				554637131DACD2B400D35C7E /* LaunchScreen.storyboard in Resources */,
				554637101DACD2B400D35C7E /* Assets.xcassets in Resources */,
				5546370E1DACD2B400D35C7E /* Main.storyboard in Resources */,
			);
			runOnlyForDeploymentPostprocessing = 0;
		};
		554637171DACD2B400D35C7E /* Resources */ = {
			isa = PBXResourcesBuildPhase;
			buildActionMask = 2147483647;
			files = (
			);
			runOnlyForDeploymentPostprocessing = 0;
		};
		554637221DACD2B400D35C7E /* Resources */ = {
			isa = PBXResourcesBuildPhase;
			buildActionMask = 2147483647;
			files = (
			);
			runOnlyForDeploymentPostprocessing = 0;
		};
/* End PBXResourcesBuildPhase section */

/* Begin PBXSourcesBuildPhase section */
		554637011DACD2B300D35C7E /* Sources */ = {
			isa = PBXSourcesBuildPhase;
			buildActionMask = 2147483647;
			files = (
				55E8E75E1DAF884300155E22 /* Auto.swift in Sources */,
				5546370B1DACD2B400D35C7E /* ViewController.swift in Sources */,
				554637371DACDB0100D35C7E /* Top20TableViewController.swift in Sources */,
				554637091DACD2B400D35C7E /* AppDelegate.swift in Sources */,
				55E8E75C1DAF772C00155E22 /* Top20Cell.swift in Sources */,
				55E8E7601DAF988400155E22 /* DetailsViewController.swift in Sources */,
			);
			runOnlyForDeploymentPostprocessing = 0;
		};
		554637151DACD2B400D35C7E /* Sources */ = {
			isa = PBXSourcesBuildPhase;
			buildActionMask = 2147483647;
			files = (
				5546371E1DACD2B400D35C7E /* HideousTests.swift in Sources */,
			);
			runOnlyForDeploymentPostprocessing = 0;
		};
		554637201DACD2B400D35C7E /* Sources */ = {
			isa = PBXSourcesBuildPhase;
			buildActionMask = 2147483647;
			files = (
				554637291DACD2B400D35C7E /* HideousUITests.swift in Sources */,
			);
			runOnlyForDeploymentPostprocessing = 0;
		};
/* End PBXSourcesBuildPhase section */

/* Begin PBXTargetDependency section */
		5546371B1DACD2B400D35C7E /* PBXTargetDependency */ = {
			isa = PBXTargetDependency;
			target = 554637041DACD2B300D35C7E /* Hideous */;
			targetProxy = 5546371A1DACD2B400D35C7E /* PBXContainerItemProxy */;
		};
		554637261DACD2B400D35C7E /* PBXTargetDependency */ = {
			isa = PBXTargetDependency;
			target = 554637041DACD2B300D35C7E /* Hideous */;
			targetProxy = 554637251DACD2B400D35C7E /* PBXContainerItemProxy */;
		};
/* End PBXTargetDependency section */

/* Begin PBXVariantGroup section */
		5546370C1DACD2B400D35C7E /* Main.storyboard */ = {
			isa = PBXVariantGroup;
			children = (
				5546370D1DACD2B400D35C7E /* Base */,
			);
			name = Main.storyboard;
			sourceTree = "<group>";
		};
		554637111DACD2B400D35C7E /* LaunchScreen.storyboard */ = {
			isa = PBXVariantGroup;
			children = (
				554637121DACD2B400D35C7E /* Base */,
			);
			name = LaunchScreen.storyboard;
			sourceTree = "<group>";
		};
/* End PBXVariantGroup section */

/* Begin XCBuildConfiguration section */
		5546372B1DACD2B400D35C7E /* Debug */ = {
			isa = XCBuildConfiguration;
			buildSettings = {
				ALWAYS_SEARCH_USER_PATHS = NO;
				CLANG_ANALYZER_NONNULL = YES;
				CLANG_CXX_LANGUAGE_STANDARD = "gnu++0x";
				CLANG_CXX_LIBRARY = "libc++";
				CLANG_ENABLE_MODULES = YES;
				CLANG_ENABLE_OBJC_ARC = YES;
				CLANG_WARN_BOOL_CONVERSION = YES;
				CLANG_WARN_CONSTANT_CONVERSION = YES;
				CLANG_WARN_DIRECT_OBJC_ISA_USAGE = YES_ERROR;
				CLANG_WARN_DOCUMENTATION_COMMENTS = YES;
				CLANG_WARN_EMPTY_BODY = YES;
				CLANG_WARN_ENUM_CONVERSION = YES;
				CLANG_WARN_INFINITE_RECURSION = YES;
				CLANG_WARN_INT_CONVERSION = YES;
				CLANG_WARN_OBJC_ROOT_CLASS = YES_ERROR;
				CLANG_WARN_SUSPICIOUS_MOVES = YES;
				CLANG_WARN_UNREACHABLE_CODE = YES;
				CLANG_WARN__DUPLICATE_METHOD_MATCH = YES;
				"CODE_SIGN_IDENTITY[sdk=iphoneos*]" = "iPhone Developer";
				COPY_PHASE_STRIP = NO;
				DEBUG_INFORMATION_FORMAT = dwarf;
				ENABLE_STRICT_OBJC_MSGSEND = YES;
				ENABLE_TESTABILITY = YES;
				GCC_C_LANGUAGE_STANDARD = gnu99;
				GCC_DYNAMIC_NO_PIC = NO;
				GCC_NO_COMMON_BLOCKS = YES;
				GCC_OPTIMIZATION_LEVEL = 0;
				GCC_PREPROCESSOR_DEFINITIONS = (
					"DEBUG=1",
					"$(inherited)",
				);
				GCC_WARN_64_TO_32_BIT_CONVERSION = YES;
				GCC_WARN_ABOUT_RETURN_TYPE = YES_ERROR;
				GCC_WARN_UNDECLARED_SELECTOR = YES;
				GCC_WARN_UNINITIALIZED_AUTOS = YES_AGGRESSIVE;
				GCC_WARN_UNUSED_FUNCTION = YES;
				GCC_WARN_UNUSED_VARIABLE = YES;
				IPHONEOS_DEPLOYMENT_TARGET = 10.0;
				MTL_ENABLE_DEBUG_INFO = YES;
				ONLY_ACTIVE_ARCH = YES;
				SDKROOT = iphoneos;
				SWIFT_ACTIVE_COMPILATION_CONDITIONS = DEBUG;
				SWIFT_OPTIMIZATION_LEVEL = "-Onone";
			};
			name = Debug;
		};
		5546372C1DACD2B400D35C7E /* Release */ = {
			isa = XCBuildConfiguration;
			buildSettings = {
				ALWAYS_SEARCH_USER_PATHS = NO;
				CLANG_ANALYZER_NONNULL = YES;
				CLANG_CXX_LANGUAGE_STANDARD = "gnu++0x";
				CLANG_CXX_LIBRARY = "libc++";
				CLANG_ENABLE_MODULES = YES;
				CLANG_ENABLE_OBJC_ARC = YES;
				CLANG_WARN_BOOL_CONVERSION = YES;
				CLANG_WARN_CONSTANT_CONVERSION = YES;
				CLANG_WARN_DIRECT_OBJC_ISA_USAGE = YES_ERROR;
				CLANG_WARN_DOCUMENTATION_COMMENTS = YES;
				CLANG_WARN_EMPTY_BODY = YES;
				CLANG_WARN_ENUM_CONVERSION = YES;
				CLANG_WARN_INFINITE_RECURSION = YES;
				CLANG_WARN_INT_CONVERSION = YES;
				CLANG_WARN_OBJC_ROOT_CLASS = YES_ERROR;
				CLANG_WARN_SUSPICIOUS_MOVES = YES;
				CLANG_WARN_UNREACHABLE_CODE = YES;
				CLANG_WARN__DUPLICATE_METHOD_MATCH = YES;
				"CODE_SIGN_IDENTITY[sdk=iphoneos*]" = "iPhone Developer";
				COPY_PHASE_STRIP = NO;
				DEBUG_INFORMATION_FORMAT = "dwarf-with-dsym";
				ENABLE_NS_ASSERTIONS = NO;
				ENABLE_STRICT_OBJC_MSGSEND = YES;
				GCC_C_LANGUAGE_STANDARD = gnu99;
				GCC_NO_COMMON_BLOCKS = YES;
				GCC_WARN_64_TO_32_BIT_CONVERSION = YES;
				GCC_WARN_ABOUT_RETURN_TYPE = YES_ERROR;
				GCC_WARN_UNDECLARED_SELECTOR = YES;
				GCC_WARN_UNINITIALIZED_AUTOS = YES_AGGRESSIVE;
				GCC_WARN_UNUSED_FUNCTION = YES;
				GCC_WARN_UNUSED_VARIABLE = YES;
				IPHONEOS_DEPLOYMENT_TARGET = 10.0;
				MTL_ENABLE_DEBUG_INFO = NO;
				SDKROOT = iphoneos;
				SWIFT_OPTIMIZATION_LEVEL = "-Owholemodule";
				VALIDATE_PRODUCT = YES;
			};
			name = Release;
		};
		5546372E1DACD2B400D35C7E /* Debug */ = {
			isa = XCBuildConfiguration;
			buildSettings = {
				ASSETCATALOG_COMPILER_APPICON_NAME = AppIcon;
				DEVELOPMENT_TEAM = 5NM782SMV3;
				INFOPLIST_FILE = Hideous/Info.plist;
				LD_RUNPATH_SEARCH_PATHS = "$(inherited) @executable_path/Frameworks";
				PRODUCT_BUNDLE_IDENTIFIER = edu.fontys.sm.Hideous;
				PRODUCT_NAME = "$(TARGET_NAME)";
				SWIFT_VERSION = 3.0;
			};
			name = Debug;
		};
		5546372F1DACD2B400D35C7E /* Release */ = {
			isa = XCBuildConfiguration;
			buildSettings = {
				ASSETCATALOG_COMPILER_APPICON_NAME = AppIcon;
				DEVELOPMENT_TEAM = 5NM782SMV3;
				INFOPLIST_FILE = Hideous/Info.plist;
				LD_RUNPATH_SEARCH_PATHS = "$(inherited) @executable_path/Frameworks";
				PRODUCT_BUNDLE_IDENTIFIER = edu.fontys.sm.Hideous;
				PRODUCT_NAME = "$(TARGET_NAME)";
				SWIFT_VERSION = 3.0;
			};
			name = Release;
		};
		554637311DACD2B400D35C7E /* Debug */ = {
			isa = XCBuildConfiguration;
			buildSettings = {
				ALWAYS_EMBED_SWIFT_STANDARD_LIBRARIES = YES;
				BUNDLE_LOADER = "$(TEST_HOST)";
				INFOPLIST_FILE = HideousTests/Info.plist;
				LD_RUNPATH_SEARCH_PATHS = "$(inherited) @executable_path/Frameworks @loader_path/Frameworks";
				PRODUCT_BUNDLE_IDENTIFIER = edu.fontys.sm.HideousTests;
				PRODUCT_NAME = "$(TARGET_NAME)";
				SWIFT_VERSION = 3.0;
				TEST_HOST = "$(BUILT_PRODUCTS_DIR)/Hideous.app/Hideous";
			};
			name = Debug;
		};
		554637321DACD2B400D35C7E /* Release */ = {
			isa = XCBuildConfiguration;
			buildSettings = {
				ALWAYS_EMBED_SWIFT_STANDARD_LIBRARIES = YES;
				BUNDLE_LOADER = "$(TEST_HOST)";
				INFOPLIST_FILE = HideousTests/Info.plist;
				LD_RUNPATH_SEARCH_PATHS = "$(inherited) @executable_path/Frameworks @loader_path/Frameworks";
				PRODUCT_BUNDLE_IDENTIFIER = edu.fontys.sm.HideousTests;
				PRODUCT_NAME = "$(TARGET_NAME)";
				SWIFT_VERSION = 3.0;
				TEST_HOST = "$(BUILT_PRODUCTS_DIR)/Hideous.app/Hideous";
			};
			name = Release;
		};
		554637341DACD2B400D35C7E /* Debug */ = {
			isa = XCBuildConfiguration;
			buildSettings = {
				ALWAYS_EMBED_SWIFT_STANDARD_LIBRARIES = YES;
				INFOPLIST_FILE = HideousUITests/Info.plist;
				LD_RUNPATH_SEARCH_PATHS = "$(inherited) @executable_path/Frameworks @loader_path/Frameworks";
				PRODUCT_BUNDLE_IDENTIFIER = edu.fontys.sm.HideousUITests;
				PRODUCT_NAME = "$(TARGET_NAME)";
				SWIFT_VERSION = 3.0;
				TEST_TARGET_NAME = Hideous;
			};
			name = Debug;
		};
		554637351DACD2B400D35C7E /* Release */ = {
			isa = XCBuildConfiguration;
			buildSettings = {
				ALWAYS_EMBED_SWIFT_STANDARD_LIBRARIES = YES;
				INFOPLIST_FILE = HideousUITests/Info.plist;
				LD_RUNPATH_SEARCH_PATHS = "$(inherited) @executable_path/Frameworks @loader_path/Frameworks";
				PRODUCT_BUNDLE_IDENTIFIER = edu.fontys.sm.HideousUITests;
				PRODUCT_NAME = "$(TARGET_NAME)";
				SWIFT_VERSION = 3.0;
				TEST_TARGET_NAME = Hideous;
			};
			name = Release;
		};
/* End XCBuildConfiguration section */

/* Begin XCConfigurationList section */
		554637001DACD2B300D35C7E /* Build configuration list for PBXProject "Hideous" */ = {
			isa = XCConfigurationList;
			buildConfigurations = (
				5546372B1DACD2B400D35C7E /* Debug */,
				5546372C1DACD2B400D35C7E /* Release */,
			);
			defaultConfigurationIsVisible = 0;
			defaultConfigurationName = Release;
		};
		5546372D1DACD2B400D35C7E /* Build configuration list for PBXNativeTarget "Hideous" */ = {
			isa = XCConfigurationList;
			buildConfigurations = (
				5546372E1DACD2B400D35C7E /* Debug */,
				5546372F1DACD2B400D35C7E /* Release */,
			);
			defaultConfigurationIsVisible = 0;
			defaultConfigurationName = Release;
		};
		554637301DACD2B400D35C7E /* Build configuration list for PBXNativeTarget "HideousTests" */ = {
			isa = XCConfigurationList;
			buildConfigurations = (
				554637311DACD2B400D35C7E /* Debug */,
				554637321DACD2B400D35C7E /* Release */,
			);
			defaultConfigurationIsVisible = 0;
			defaultConfigurationName = Release;
		};
		554637331DACD2B400D35C7E /* Build configuration list for PBXNativeTarget "HideousUITests" */ = {
			isa = XCConfigurationList;
			buildConfigurations = (
				554637341DACD2B400D35C7E /* Debug */,
				554637351DACD2B400D35C7E /* Release */,
			);
			defaultConfigurationIsVisible = 0;
			defaultConfigurationName = Release;
		};
/* End XCConfigurationList section */
	};
	rootObject = 554636FD1DACD2B300D35C7E /* Project object */;
}
